Microsoft Visual Studio Solution File, Format Version 12.00
# Visual Studio 14
VisualStudioVersion = 14.0.23107.0
MinimumVisualStudioVersion = 10.0.40219.1
Project("{2150E333-8FDC-42A3-9474-1A3956D46DE8}") = ".paket", ".paket", "{63297B98-5CED-492C-A5B7-A5B4F73CF142}"
	ProjectSection(SolutionItems) = preProject
		paket.dependencies = paket.dependencies
		paket.lock = paket.lock
	EndProjectSection
EndProject
Project("{2150E333-8FDC-42A3-9474-1A3956D46DE8}") = "docs", "docs", "{A6A6AF7D-D6E3-442D-9B1E-58CC91879BE1}"
EndProject
Project("{2150E333-8FDC-42A3-9474-1A3956D46DE8}") = "project", "project", "{BF60BC93-E09B-4E5F-9D85-95A519479D54}"
	ProjectSection(SolutionItems) = preProject
		.gitattributes = .gitattributes
		.gitignore = .gitignore
		appveyor.yml = appveyor.yml
		build.fsx = build.fsx
		README.md = README.md
		RELEASE_NOTES.md = RELEASE_NOTES.md
	EndProjectSection
EndProject
Project("{2150E333-8FDC-42A3-9474-1A3956D46DE8}") = "tools", "tools", "{83F16175-43B1-4C90-A1EE-8E351C33435D}"
	ProjectSection(SolutionItems) = preProject
		docs\tools\generate.fsx = docs\tools\generate.fsx
		docs\tools\templates\template.cshtml = docs\tools\templates\template.cshtml
	EndProjectSection
EndProject
Project("{2150E333-8FDC-42A3-9474-1A3956D46DE8}") = "content", "content", "{8E6D5255-776D-4B61-85F9-73C37AA1FB9A}"
	ProjectSection(SolutionItems) = preProject
		docs\content\index.fsx = docs\content\index.fsx
		docs\content\tutorial.fsx = docs\content\tutorial.fsx
	EndProjectSection
EndProject
Project("{2150E333-8FDC-42A3-9474-1A3956D46DE8}") = "tests", "tests", "{ED8079DD-2B06-4030-9F0F-DC548F98E1C4}"
EndProject
Project("{2150E333-8FDC-42A3-9474-1A3956D46DE8}") = "samples", "samples", "{9AC1211D-ED52-415B-ABD1-B28390DB0BCC}"
EndProject
Project("{2150E333-8FDC-42A3-9474-1A3956D46DE8}") = "src", "src", "{C6C1E205-1B38-4ED3-B914-A6182FB23EFE}"
EndProject
Project("{F2A71F9B-5D33-465A-A702-920D77279786}") = "CoreLib", "src\CoreLib\CoreLib.fsproj", "{B4A6B9FA-A35B-4ADB-AC15-6CCA66225921}"
EndProject
Project("{F2A71F9B-5D33-465A-A702-920D77279786}") = "Client", "src\Client\Client\Client.fsproj", "{A4A41389-EEFE-4482-9CF3-18CB6616CD06}"
EndProject
Project("{F2A71F9B-5D33-465A-A702-920D77279786}") = "ClientExt", "src\Client\ClientExt\ClientExt.fsproj", "{EA8C1F76-66DA-4AAD-ADE8-3AB016672FF5}"
EndProject
Project("{2150E333-8FDC-42A3-9474-1A3956D46DE8}") = "Core", "Core", "{7F42119E-150F-40FE-9F95-ED85E69436F3}"
EndProject
Project("{2150E333-8FDC-42A3-9474-1A3956D46DE8}") = "Client", "Client", "{CD1A26D9-5439-439C-9569-D3F3FBC3ABCA}"
EndProject
Project("{2150E333-8FDC-42A3-9474-1A3956D46DE8}") = "Tools", "Tools", "{29223FD9-2C2B-4C76-83A9-42A71F0F16D9}"
EndProject
Project("{F2A71F9B-5D33-465A-A702-920D77279786}") = "Tools", "src\tools\tools\Tools.fsproj", "{159BB552-8346-4313-8E10-43B88BECA63B}"
EndProject
Project("{F2A71F9B-5D33-465A-A702-920D77279786}") = "WCFTools", "src\tools\WCFtools\WCFTools.fsproj", "{A25B8C43-4B05-49B7-BBA1-8224A31D07BE}"
EndProject
Project("{F2A71F9B-5D33-465A-A702-920D77279786}") = "WPFTools", "src\tools\WPFtools\WPFTools.fsproj", "{5339A286-EFA8-4EAC-A0CD-A1DF165D5715}"
EndProject
Project("{2150E333-8FDC-42A3-9474-1A3956D46DE8}") = "ServiceLib", "ServiceLib", "{B6B1E5E2-9BE5-4542-92C5-E85DE984C7D6}"
EndProject
Project("{2150E333-8FDC-42A3-9474-1A3956D46DE8}") = "Toolkit", "Toolkit", "{F56A713F-C23C-4FE1-8E95-2371C6891564}"
EndProject
Project("{2150E333-8FDC-42A3-9474-1A3956D46DE8}") = "ULib", "ULib", "{B75D57DB-372F-4685-9C4A-EEB8314CC58E}"
EndProject
Project("{F2A71F9B-5D33-465A-A702-920D77279786}") = "ULib", "src\ULib\ULib.fsproj", "{CE5F96E9-6866-4F50-9063-6AA4C41E346C}"
EndProject
Project("{F2A71F9B-5D33-465A-A702-920D77279786}") = "ClusterInfo", "src\Toolkit\ClusterInfo\ClusterInfo.fsproj", "{BDE28170-C0E2-49FA-A9BE-ACE72311587E}"
EndProject
Project("{F2A71F9B-5D33-465A-A702-920D77279786}") = "ClusterStatus", "src\Toolkit\ClusterStatus\ClusterStatus.fsproj", "{1459B2A2-7767-4681-96B1-EFCC6064BC71}"
EndProject
Project("{F2A71F9B-5D33-465A-A702-920D77279786}") = "Controller", "src\Toolkit\Controller\Controller.fsproj", "{30597BE9-08F8-4832-8AB7-009C00A6A2F2}"
EndProject
Project("{F2A71F9B-5D33-465A-A702-920D77279786}") = "Copy", "src\Toolkit\Copy\Copy.fsproj", "{1C5393DA-9E27-4D10-A0DE-DFB999A4EEDB}"
EndProject
Project("{F2A71F9B-5D33-465A-A702-920D77279786}") = "RemoteCopy", "src\Toolkit\RemoteCopy\RemoteCopy.fsproj", "{1322635A-AD52-4870-92E6-007B62BE2BD3}"
EndProject
Project("{F2A71F9B-5D33-465A-A702-920D77279786}") = "DistributedKMeans", "samples\DistributedKMeans\DistributedKMeans.fsproj", "{10DAABEE-65A1-485E-8209-EF54AD0F7F96}"
EndProject
Project("{F2A71F9B-5D33-465A-A702-920D77279786}") = "DistributedLogAnalysis", "samples\DistributedLogAnalysis\DistributedLogAnalysis.fsproj", "{04B24E0B-C5FF-4E11-AADE-8285591811C5}"
EndProject
Project("{F2A71F9B-5D33-465A-A702-920D77279786}") = "DistributedSort", "samples\DistributedSort\DistributedSort.fsproj", "{C0E69035-3D1B-477C-9BF3-C2B511A53D08}"
EndProject
Project("{F2A71F9B-5D33-465A-A702-920D77279786}") = "DistributedWebCrawler", "samples\DistributedWebCrawler\DistributedWebCrawler.fsproj", "{03AFFBF6-E11C-4D51-AFA5-659AA5B2B828}"
EndProject
Project("{F2A71F9B-5D33-465A-A702-920D77279786}") = "DKVCopy", "samples\DKVCopy\DKVCopy.fsproj", "{1ABC2F87-7756-44CA-847C-E244EF463FA9}"
EndProject
Project("{F2A71F9B-5D33-465A-A702-920D77279786}") = "ImageBrowser", "samples\ImageBrowser\ImageBrowser.fsproj", "{0D063FBF-5FAE-4B62-ACC5-BCCE9D944432}"
EndProject
Project("{2150E333-8FDC-42A3-9474-1A3956D46DE8}") = "Tools", "Tools", "{0DD9305B-6DB2-432B-B4AD-DE49B4316DAC}"
EndProject
Project("{F2A71F9B-5D33-465A-A702-920D77279786}") = "Tools.Tests", "tests\tools\tools\Tools.Tests.fsproj", "{963ABC6F-F1DF-4408-8E6C-4E6631ADC873}"
EndProject
Project("{2150E333-8FDC-42A3-9474-1A3956D46DE8}") = "Core", "Core", "{D3526DF0-0BF0-44C2-9A7C-B9DFF6992541}"
EndProject
Project("{F2A71F9B-5D33-465A-A702-920D77279786}") = "CoreLib.Tests", "tests\CoreLib\CoreLib.Tests.fsproj", "{A7482985-0076-4AC6-9C72-852F4A83B02E}"
EndProject
Project("{F2A71F9B-5D33-465A-A702-920D77279786}") = "BasicService", "src\ServiceLib\BasicService\BasicService.fsproj", "{AE2AC4C3-5E08-4D5D-B358-890940794894}"
EndProject
Project("{F2A71F9B-5D33-465A-A702-920D77279786}") = "MonitorService", "samples\MonitorService\MonitorService.fsproj", "{A4E8C60B-EEB5-4E65-AB5C-E3A83F84BCED}"
EndProject
Project("{FAE04EC0-301F-11D3-BF4B-00C04F79EFBC}") = "BasicServiceData", "src\ServiceLib\BasicServiceData\BasicServiceData.csproj", "{66005BBD-1D3A-4C64-BDE6-13132EDCFB28}"
EndProject
Project("{F2A71F9B-5D33-465A-A702-920D77279786}") = "KVStore", "src\ServiceLib\KVStore\KVStore.fsproj", "{65EEBC0E-FAAA-42B5-A255-1A00F4C1623C}"
EndProject
Project("{F2A71F9B-5D33-465A-A702-920D77279786}") = "SortBenchmark", "samples\SortBenchmark\SortBenchmark.fsproj", "{18E80753-A7B4-495B-BE62-25413BAFE68D}"
EndProject
Project("{2150E333-8FDC-42A3-9474-1A3956D46DE8}") = "ServiceLib", "ServiceLib", "{9338CC09-23F0-402C-A87C-BBB70C2CBC4B}"
EndProject
Project("{F2A71F9B-5D33-465A-A702-920D77279786}") = "ServiceLib.Tests", "tests\ServiceLib\ServiceLib.Tests.fsproj", "{E821E236-1A3C-4D49-88D0-F871BACDB3AC}"
EndProject
Project("{2150E333-8FDC-42A3-9474-1A3956D46DE8}") = "Examples", "Examples", "{B018B59D-85F0-419B-88B2-680E4126D5FD}"
EndProject
Project("{F2A71F9B-5D33-465A-A702-920D77279786}") = "FSharpExamples", "samples\examples\FSharpExamples\FSharpExamples.fsproj", "{A28FFF25-BDC0-4BDC-A29A-BF774BA80AA4}"
EndProject
Project("{F2A71F9B-5D33-465A-A702-920D77279786}") = "Common", "tests\Common\Common.fsproj", "{6847908B-0978-4CB4-9998-8BB16BACA628}"
EndProject
Project("{F2A71F9B-5D33-465A-A702-920D77279786}") = "Examples", "tests\Examples\Examples.fsproj", "{9C2B3ECD-DAAE-4EC2-A557-369B04B4036C}"
EndProject
Project("{F2A71F9B-5D33-465A-A702-920D77279786}") = "Common", "samples\examples\Common\Common.fsproj", "{346B7DA4-0E26-46DC-8334-255AF254823F}"
EndProject
Project("{FAE04EC0-301F-11D3-BF4B-00C04F79EFBC}") = "CSharpExamples", "samples\examples\CSharpExamples\CSharpExamples.csproj", "{A68BD032-F86B-49B6-B7ED-7300DB353705}"
EndProject
Project("{2150E333-8FDC-42A3-9474-1A3956D46DE8}") = "nuget", "nuget", "{C6D427CA-328B-4F94-9628-DB5A3A4F413A}"
	ProjectSection(SolutionItems) = preProject
		nuget\Prajna.paket.template = nuget\Prajna.paket.template
		nuget\Prajna.Services.paket.template = nuget\Prajna.Services.paket.template
		nuget\Prajna.WCFTools.paket.template = nuget\Prajna.WCFTools.paket.template
		nuget\Prajna.WPFTools.paket.template = nuget\Prajna.WPFTools.paket.template
	EndProjectSection
EndProject
Project("{F2A71F9B-5D33-465A-A702-920D77279786}") = "Gateway", "src\ServiceLib\Gateway\Gateway.fsproj", "{C588134A-466C-4453-89AB-7DD7CEC58F06}"
EndProject
Project("{F2A71F9B-5D33-465A-A702-920D77279786}") = "ServiceEndpoint", "src\ServiceLib\ServiceEndpoint\ServiceEndpoint.fsproj", "{45959765-A1FA-4277-BC68-024CAD648546}"
EndProject
Global
	GlobalSection(SolutionConfigurationPlatforms) = preSolution
		Debug|Any CPU = Debug|Any CPU
		Debug|Mixed Platforms = Debug|Mixed Platforms
		Debug|Win32 = Debug|Win32
		Debug|x64 = Debug|x64
		Release|Any CPU = Release|Any CPU
		Release|Mixed Platforms = Release|Mixed Platforms
		Release|Win32 = Release|Win32
		Release|x64 = Release|x64
	EndGlobalSection
	GlobalSection(ProjectConfigurationPlatforms) = postSolution
		{B4A6B9FA-A35B-4ADB-AC15-6CCA66225921}.Debug|Any CPU.ActiveCfg = Debug|x64
		{B4A6B9FA-A35B-4ADB-AC15-6CCA66225921}.Debug|Mixed Platforms.ActiveCfg = Debug|x64
		{B4A6B9FA-A35B-4ADB-AC15-6CCA66225921}.Debug|Mixed Platforms.Build.0 = Debug|x64
		{B4A6B9FA-A35B-4ADB-AC15-6CCA66225921}.Debug|Win32.ActiveCfg = Debug|x64
		{B4A6B9FA-A35B-4ADB-AC15-6CCA66225921}.Debug|x64.ActiveCfg = Debug|x64
		{B4A6B9FA-A35B-4ADB-AC15-6CCA66225921}.Debug|x64.Build.0 = Debug|x64
		{B4A6B9FA-A35B-4ADB-AC15-6CCA66225921}.Release|Any CPU.ActiveCfg = Release|x64
		{B4A6B9FA-A35B-4ADB-AC15-6CCA66225921}.Release|Mixed Platforms.ActiveCfg = Release|x64
		{B4A6B9FA-A35B-4ADB-AC15-6CCA66225921}.Release|Mixed Platforms.Build.0 = Release|x64
		{B4A6B9FA-A35B-4ADB-AC15-6CCA66225921}.Release|Win32.ActiveCfg = Release|x64
		{B4A6B9FA-A35B-4ADB-AC15-6CCA66225921}.Release|x64.ActiveCfg = Release|x64
		{B4A6B9FA-A35B-4ADB-AC15-6CCA66225921}.Release|x64.Build.0 = Release|x64
		{A4A41389-EEFE-4482-9CF3-18CB6616CD06}.Debug|Any CPU.ActiveCfg = Debug|x64
		{A4A41389-EEFE-4482-9CF3-18CB6616CD06}.Debug|Mixed Platforms.ActiveCfg = Debug|x64
		{A4A41389-EEFE-4482-9CF3-18CB6616CD06}.Debug|Mixed Platforms.Build.0 = Debug|x64
		{A4A41389-EEFE-4482-9CF3-18CB6616CD06}.Debug|Win32.ActiveCfg = Debug|x64
		{A4A41389-EEFE-4482-9CF3-18CB6616CD06}.Debug|x64.ActiveCfg = Debug|x64
		{A4A41389-EEFE-4482-9CF3-18CB6616CD06}.Debug|x64.Build.0 = Debug|x64
		{A4A41389-EEFE-4482-9CF3-18CB6616CD06}.Release|Any CPU.ActiveCfg = Release|x64
		{A4A41389-EEFE-4482-9CF3-18CB6616CD06}.Release|Mixed Platforms.ActiveCfg = Release|x64
		{A4A41389-EEFE-4482-9CF3-18CB6616CD06}.Release|Mixed Platforms.Build.0 = Release|x64
		{A4A41389-EEFE-4482-9CF3-18CB6616CD06}.Release|Win32.ActiveCfg = Release|x64
		{A4A41389-EEFE-4482-9CF3-18CB6616CD06}.Release|x64.ActiveCfg = Release|x64
		{A4A41389-EEFE-4482-9CF3-18CB6616CD06}.Release|x64.Build.0 = Release|x64
		{EA8C1F76-66DA-4AAD-ADE8-3AB016672FF5}.Debug|Any CPU.ActiveCfg = Debug|x64
		{EA8C1F76-66DA-4AAD-ADE8-3AB016672FF5}.Debug|Mixed Platforms.ActiveCfg = Debug|x64
		{EA8C1F76-66DA-4AAD-ADE8-3AB016672FF5}.Debug|Mixed Platforms.Build.0 = Debug|x64
		{EA8C1F76-66DA-4AAD-ADE8-3AB016672FF5}.Debug|Win32.ActiveCfg = Debug|x64
		{EA8C1F76-66DA-4AAD-ADE8-3AB016672FF5}.Debug|x64.ActiveCfg = Debug|x64
		{EA8C1F76-66DA-4AAD-ADE8-3AB016672FF5}.Debug|x64.Build.0 = Debug|x64
		{EA8C1F76-66DA-4AAD-ADE8-3AB016672FF5}.Release|Any CPU.ActiveCfg = Release|x64
		{EA8C1F76-66DA-4AAD-ADE8-3AB016672FF5}.Release|Mixed Platforms.ActiveCfg = Release|x64
		{EA8C1F76-66DA-4AAD-ADE8-3AB016672FF5}.Release|Mixed Platforms.Build.0 = Release|x64
		{EA8C1F76-66DA-4AAD-ADE8-3AB016672FF5}.Release|Win32.ActiveCfg = Release|x64
		{EA8C1F76-66DA-4AAD-ADE8-3AB016672FF5}.Release|x64.ActiveCfg = Release|x64
		{EA8C1F76-66DA-4AAD-ADE8-3AB016672FF5}.Release|x64.Build.0 = Release|x64
		{159BB552-8346-4313-8E10-43B88BECA63B}.Debug|Any CPU.ActiveCfg = Debug|x64
		{159BB552-8346-4313-8E10-43B88BECA63B}.Debug|Mixed Platforms.ActiveCfg = Debug|x64
		{159BB552-8346-4313-8E10-43B88BECA63B}.Debug|Mixed Platforms.Build.0 = Debug|x64
		{159BB552-8346-4313-8E10-43B88BECA63B}.Debug|Win32.ActiveCfg = Debug|x64
		{159BB552-8346-4313-8E10-43B88BECA63B}.Debug|x64.ActiveCfg = Debug|x64
		{159BB552-8346-4313-8E10-43B88BECA63B}.Debug|x64.Build.0 = Debug|x64
		{159BB552-8346-4313-8E10-43B88BECA63B}.Release|Any CPU.ActiveCfg = Release|x64
		{159BB552-8346-4313-8E10-43B88BECA63B}.Release|Mixed Platforms.ActiveCfg = Release|x64
		{159BB552-8346-4313-8E10-43B88BECA63B}.Release|Mixed Platforms.Build.0 = Release|x64
		{159BB552-8346-4313-8E10-43B88BECA63B}.Release|Win32.ActiveCfg = Release|x64
		{159BB552-8346-4313-8E10-43B88BECA63B}.Release|x64.ActiveCfg = Release|x64
		{159BB552-8346-4313-8E10-43B88BECA63B}.Release|x64.Build.0 = Release|x64
		{A25B8C43-4B05-49B7-BBA1-8224A31D07BE}.Debug|Any CPU.ActiveCfg = Debug|x64
		{A25B8C43-4B05-49B7-BBA1-8224A31D07BE}.Debug|Mixed Platforms.ActiveCfg = Debug|x64
		{A25B8C43-4B05-49B7-BBA1-8224A31D07BE}.Debug|Mixed Platforms.Build.0 = Debug|x64
		{A25B8C43-4B05-49B7-BBA1-8224A31D07BE}.Debug|Win32.ActiveCfg = Debug|x64
		{A25B8C43-4B05-49B7-BBA1-8224A31D07BE}.Debug|x64.ActiveCfg = Debug|x64
		{A25B8C43-4B05-49B7-BBA1-8224A31D07BE}.Debug|x64.Build.0 = Debug|x64
		{A25B8C43-4B05-49B7-BBA1-8224A31D07BE}.Release|Any CPU.ActiveCfg = Release|x64
		{A25B8C43-4B05-49B7-BBA1-8224A31D07BE}.Release|Mixed Platforms.ActiveCfg = Release|x64
		{A25B8C43-4B05-49B7-BBA1-8224A31D07BE}.Release|Mixed Platforms.Build.0 = Release|x64
		{A25B8C43-4B05-49B7-BBA1-8224A31D07BE}.Release|Win32.ActiveCfg = Release|x64
		{A25B8C43-4B05-49B7-BBA1-8224A31D07BE}.Release|x64.ActiveCfg = Release|x64
		{A25B8C43-4B05-49B7-BBA1-8224A31D07BE}.Release|x64.Build.0 = Release|x64
		{5339A286-EFA8-4EAC-A0CD-A1DF165D5715}.Debug|Any CPU.ActiveCfg = Debug|x64
		{5339A286-EFA8-4EAC-A0CD-A1DF165D5715}.Debug|Mixed Platforms.ActiveCfg = Debug|x64
		{5339A286-EFA8-4EAC-A0CD-A1DF165D5715}.Debug|Mixed Platforms.Build.0 = Debug|x64
		{5339A286-EFA8-4EAC-A0CD-A1DF165D5715}.Debug|Win32.ActiveCfg = Debug|x64
		{5339A286-EFA8-4EAC-A0CD-A1DF165D5715}.Debug|x64.ActiveCfg = Debug|x64
		{5339A286-EFA8-4EAC-A0CD-A1DF165D5715}.Debug|x64.Build.0 = Debug|x64
		{5339A286-EFA8-4EAC-A0CD-A1DF165D5715}.Release|Any CPU.ActiveCfg = Release|x64
		{5339A286-EFA8-4EAC-A0CD-A1DF165D5715}.Release|Mixed Platforms.ActiveCfg = Release|x64
		{5339A286-EFA8-4EAC-A0CD-A1DF165D5715}.Release|Mixed Platforms.Build.0 = Release|x64
		{5339A286-EFA8-4EAC-A0CD-A1DF165D5715}.Release|Win32.ActiveCfg = Release|x64
		{5339A286-EFA8-4EAC-A0CD-A1DF165D5715}.Release|x64.ActiveCfg = Release|x64
		{5339A286-EFA8-4EAC-A0CD-A1DF165D5715}.Release|x64.Build.0 = Release|x64
		{CE5F96E9-6866-4F50-9063-6AA4C41E346C}.Debug|Any CPU.ActiveCfg = Debug|x64
		{CE5F96E9-6866-4F50-9063-6AA4C41E346C}.Debug|Mixed Platforms.ActiveCfg = Debug|x64
		{CE5F96E9-6866-4F50-9063-6AA4C41E346C}.Debug|Mixed Platforms.Build.0 = Debug|x64
		{CE5F96E9-6866-4F50-9063-6AA4C41E346C}.Debug|Win32.ActiveCfg = Debug|x64
		{CE5F96E9-6866-4F50-9063-6AA4C41E346C}.Debug|x64.ActiveCfg = Debug|x64
		{CE5F96E9-6866-4F50-9063-6AA4C41E346C}.Debug|x64.Build.0 = Debug|x64
		{CE5F96E9-6866-4F50-9063-6AA4C41E346C}.Release|Any CPU.ActiveCfg = Release|x64
		{CE5F96E9-6866-4F50-9063-6AA4C41E346C}.Release|Mixed Platforms.ActiveCfg = Release|x64
		{CE5F96E9-6866-4F50-9063-6AA4C41E346C}.Release|Mixed Platforms.Build.0 = Release|x64
		{CE5F96E9-6866-4F50-9063-6AA4C41E346C}.Release|Win32.ActiveCfg = Release|x64
		{CE5F96E9-6866-4F50-9063-6AA4C41E346C}.Release|x64.ActiveCfg = Release|x64
		{CE5F96E9-6866-4F50-9063-6AA4C41E346C}.Release|x64.Build.0 = Release|x64
		{BDE28170-C0E2-49FA-A9BE-ACE72311587E}.Debug|Any CPU.ActiveCfg = Debug|x64
		{BDE28170-C0E2-49FA-A9BE-ACE72311587E}.Debug|Mixed Platforms.ActiveCfg = Debug|x64
		{BDE28170-C0E2-49FA-A9BE-ACE72311587E}.Debug|Mixed Platforms.Build.0 = Debug|x64
		{BDE28170-C0E2-49FA-A9BE-ACE72311587E}.Debug|Win32.ActiveCfg = Debug|x64
		{BDE28170-C0E2-49FA-A9BE-ACE72311587E}.Debug|x64.ActiveCfg = Debug|x64
		{BDE28170-C0E2-49FA-A9BE-ACE72311587E}.Debug|x64.Build.0 = Debug|x64
		{BDE28170-C0E2-49FA-A9BE-ACE72311587E}.Release|Any CPU.ActiveCfg = Release|x64
		{BDE28170-C0E2-49FA-A9BE-ACE72311587E}.Release|Mixed Platforms.ActiveCfg = Release|x64
		{BDE28170-C0E2-49FA-A9BE-ACE72311587E}.Release|Mixed Platforms.Build.0 = Release|x64
		{BDE28170-C0E2-49FA-A9BE-ACE72311587E}.Release|Win32.ActiveCfg = Release|x64
		{BDE28170-C0E2-49FA-A9BE-ACE72311587E}.Release|x64.ActiveCfg = Release|x64
		{BDE28170-C0E2-49FA-A9BE-ACE72311587E}.Release|x64.Build.0 = Release|x64
		{1459B2A2-7767-4681-96B1-EFCC6064BC71}.Debug|Any CPU.ActiveCfg = Debug|x64
		{1459B2A2-7767-4681-96B1-EFCC6064BC71}.Debug|Mixed Platforms.ActiveCfg = Debug|x64
		{1459B2A2-7767-4681-96B1-EFCC6064BC71}.Debug|Mixed Platforms.Build.0 = Debug|x64
		{1459B2A2-7767-4681-96B1-EFCC6064BC71}.Debug|Win32.ActiveCfg = Debug|x64
		{1459B2A2-7767-4681-96B1-EFCC6064BC71}.Debug|x64.ActiveCfg = Debug|x64
		{1459B2A2-7767-4681-96B1-EFCC6064BC71}.Debug|x64.Build.0 = Debug|x64
		{1459B2A2-7767-4681-96B1-EFCC6064BC71}.Release|Any CPU.ActiveCfg = Release|x64
		{1459B2A2-7767-4681-96B1-EFCC6064BC71}.Release|Mixed Platforms.ActiveCfg = Release|x64
		{1459B2A2-7767-4681-96B1-EFCC6064BC71}.Release|Mixed Platforms.Build.0 = Release|x64
		{1459B2A2-7767-4681-96B1-EFCC6064BC71}.Release|Win32.ActiveCfg = Release|x64
		{1459B2A2-7767-4681-96B1-EFCC6064BC71}.Release|x64.ActiveCfg = Release|x64
		{1459B2A2-7767-4681-96B1-EFCC6064BC71}.Release|x64.Build.0 = Release|x64
		{30597BE9-08F8-4832-8AB7-009C00A6A2F2}.Debug|Any CPU.ActiveCfg = Debug|x64
		{30597BE9-08F8-4832-8AB7-009C00A6A2F2}.Debug|Mixed Platforms.ActiveCfg = Debug|x64
		{30597BE9-08F8-4832-8AB7-009C00A6A2F2}.Debug|Mixed Platforms.Build.0 = Debug|x64
		{30597BE9-08F8-4832-8AB7-009C00A6A2F2}.Debug|Win32.ActiveCfg = Debug|x64
		{30597BE9-08F8-4832-8AB7-009C00A6A2F2}.Debug|x64.ActiveCfg = Debug|x64
		{30597BE9-08F8-4832-8AB7-009C00A6A2F2}.Debug|x64.Build.0 = Debug|x64
		{30597BE9-08F8-4832-8AB7-009C00A6A2F2}.Release|Any CPU.ActiveCfg = Release|x64
		{30597BE9-08F8-4832-8AB7-009C00A6A2F2}.Release|Mixed Platforms.ActiveCfg = Release|x64
		{30597BE9-08F8-4832-8AB7-009C00A6A2F2}.Release|Mixed Platforms.Build.0 = Release|x64
		{30597BE9-08F8-4832-8AB7-009C00A6A2F2}.Release|Win32.ActiveCfg = Release|x64
		{30597BE9-08F8-4832-8AB7-009C00A6A2F2}.Release|x64.ActiveCfg = Release|x64
		{30597BE9-08F8-4832-8AB7-009C00A6A2F2}.Release|x64.Build.0 = Release|x64
		{1C5393DA-9E27-4D10-A0DE-DFB999A4EEDB}.Debug|Any CPU.ActiveCfg = Debug|x64
		{1C5393DA-9E27-4D10-A0DE-DFB999A4EEDB}.Debug|Mixed Platforms.ActiveCfg = Debug|x64
		{1C5393DA-9E27-4D10-A0DE-DFB999A4EEDB}.Debug|Mixed Platforms.Build.0 = Debug|x64
		{1C5393DA-9E27-4D10-A0DE-DFB999A4EEDB}.Debug|Win32.ActiveCfg = Debug|x64
		{1C5393DA-9E27-4D10-A0DE-DFB999A4EEDB}.Debug|x64.ActiveCfg = Debug|x64
		{1C5393DA-9E27-4D10-A0DE-DFB999A4EEDB}.Debug|x64.Build.0 = Debug|x64
		{1C5393DA-9E27-4D10-A0DE-DFB999A4EEDB}.Release|Any CPU.ActiveCfg = Release|x64
		{1C5393DA-9E27-4D10-A0DE-DFB999A4EEDB}.Release|Mixed Platforms.ActiveCfg = Release|x64
		{1C5393DA-9E27-4D10-A0DE-DFB999A4EEDB}.Release|Mixed Platforms.Build.0 = Release|x64
		{1C5393DA-9E27-4D10-A0DE-DFB999A4EEDB}.Release|Win32.ActiveCfg = Release|x64
		{1C5393DA-9E27-4D10-A0DE-DFB999A4EEDB}.Release|x64.ActiveCfg = Release|x64
		{1C5393DA-9E27-4D10-A0DE-DFB999A4EEDB}.Release|x64.Build.0 = Release|x64
		{1322635A-AD52-4870-92E6-007B62BE2BD3}.Debug|Any CPU.ActiveCfg = Debug|x64
		{1322635A-AD52-4870-92E6-007B62BE2BD3}.Debug|Mixed Platforms.ActiveCfg = Debug|x64
		{1322635A-AD52-4870-92E6-007B62BE2BD3}.Debug|Mixed Platforms.Build.0 = Debug|x64
		{1322635A-AD52-4870-92E6-007B62BE2BD3}.Debug|Win32.ActiveCfg = Debug|x64
		{1322635A-AD52-4870-92E6-007B62BE2BD3}.Debug|x64.ActiveCfg = Debug|x64
		{1322635A-AD52-4870-92E6-007B62BE2BD3}.Debug|x64.Build.0 = Debug|x64
		{1322635A-AD52-4870-92E6-007B62BE2BD3}.Release|Any CPU.ActiveCfg = Release|x64
		{1322635A-AD52-4870-92E6-007B62BE2BD3}.Release|Mixed Platforms.ActiveCfg = Release|x64
		{1322635A-AD52-4870-92E6-007B62BE2BD3}.Release|Mixed Platforms.Build.0 = Release|x64
		{1322635A-AD52-4870-92E6-007B62BE2BD3}.Release|Win32.ActiveCfg = Release|x64
		{1322635A-AD52-4870-92E6-007B62BE2BD3}.Release|x64.ActiveCfg = Release|x64
		{1322635A-AD52-4870-92E6-007B62BE2BD3}.Release|x64.Build.0 = Release|x64
		{10DAABEE-65A1-485E-8209-EF54AD0F7F96}.Debug|Any CPU.ActiveCfg = Debug|x64
		{10DAABEE-65A1-485E-8209-EF54AD0F7F96}.Debug|Mixed Platforms.ActiveCfg = Debug|x64
		{10DAABEE-65A1-485E-8209-EF54AD0F7F96}.Debug|Mixed Platforms.Build.0 = Debug|x64
		{10DAABEE-65A1-485E-8209-EF54AD0F7F96}.Debug|Win32.ActiveCfg = Debug|x64
		{10DAABEE-65A1-485E-8209-EF54AD0F7F96}.Debug|x64.ActiveCfg = Debug|x64
		{10DAABEE-65A1-485E-8209-EF54AD0F7F96}.Debug|x64.Build.0 = Debug|x64
		{10DAABEE-65A1-485E-8209-EF54AD0F7F96}.Release|Any CPU.ActiveCfg = Release|x64
		{10DAABEE-65A1-485E-8209-EF54AD0F7F96}.Release|Mixed Platforms.ActiveCfg = Release|x64
		{10DAABEE-65A1-485E-8209-EF54AD0F7F96}.Release|Mixed Platforms.Build.0 = Release|x64
		{10DAABEE-65A1-485E-8209-EF54AD0F7F96}.Release|Win32.ActiveCfg = Release|x64
		{10DAABEE-65A1-485E-8209-EF54AD0F7F96}.Release|x64.ActiveCfg = Release|x64
		{10DAABEE-65A1-485E-8209-EF54AD0F7F96}.Release|x64.Build.0 = Release|x64
		{04B24E0B-C5FF-4E11-AADE-8285591811C5}.Debug|Any CPU.ActiveCfg = Debug|x64
		{04B24E0B-C5FF-4E11-AADE-8285591811C5}.Debug|Mixed Platforms.ActiveCfg = Debug|x64
		{04B24E0B-C5FF-4E11-AADE-8285591811C5}.Debug|Mixed Platforms.Build.0 = Debug|x64
		{04B24E0B-C5FF-4E11-AADE-8285591811C5}.Debug|Win32.ActiveCfg = Debug|x64
		{04B24E0B-C5FF-4E11-AADE-8285591811C5}.Debug|x64.ActiveCfg = Debug|x64
		{04B24E0B-C5FF-4E11-AADE-8285591811C5}.Debug|x64.Build.0 = Debug|x64
		{04B24E0B-C5FF-4E11-AADE-8285591811C5}.Release|Any CPU.ActiveCfg = Release|x64
		{04B24E0B-C5FF-4E11-AADE-8285591811C5}.Release|Mixed Platforms.ActiveCfg = Release|x64
		{04B24E0B-C5FF-4E11-AADE-8285591811C5}.Release|Mixed Platforms.Build.0 = Release|x64
		{04B24E0B-C5FF-4E11-AADE-8285591811C5}.Release|Win32.ActiveCfg = Release|x64
		{04B24E0B-C5FF-4E11-AADE-8285591811C5}.Release|x64.ActiveCfg = Release|x64
		{04B24E0B-C5FF-4E11-AADE-8285591811C5}.Release|x64.Build.0 = Release|x64
		{C0E69035-3D1B-477C-9BF3-C2B511A53D08}.Debug|Any CPU.ActiveCfg = Debug|x64
		{C0E69035-3D1B-477C-9BF3-C2B511A53D08}.Debug|Mixed Platforms.ActiveCfg = Debug|x64
		{C0E69035-3D1B-477C-9BF3-C2B511A53D08}.Debug|Mixed Platforms.Build.0 = Debug|x64
		{C0E69035-3D1B-477C-9BF3-C2B511A53D08}.Debug|Win32.ActiveCfg = Debug|x64
		{C0E69035-3D1B-477C-9BF3-C2B511A53D08}.Debug|x64.ActiveCfg = Debug|x64
		{C0E69035-3D1B-477C-9BF3-C2B511A53D08}.Debug|x64.Build.0 = Debug|x64
		{C0E69035-3D1B-477C-9BF3-C2B511A53D08}.Release|Any CPU.ActiveCfg = Release|x64
		{C0E69035-3D1B-477C-9BF3-C2B511A53D08}.Release|Mixed Platforms.ActiveCfg = Release|x64
		{C0E69035-3D1B-477C-9BF3-C2B511A53D08}.Release|Mixed Platforms.Build.0 = Release|x64
		{C0E69035-3D1B-477C-9BF3-C2B511A53D08}.Release|Win32.ActiveCfg = Release|x64
		{C0E69035-3D1B-477C-9BF3-C2B511A53D08}.Release|x64.ActiveCfg = Release|x64
		{C0E69035-3D1B-477C-9BF3-C2B511A53D08}.Release|x64.Build.0 = Release|x64
		{03AFFBF6-E11C-4D51-AFA5-659AA5B2B828}.Debug|Any CPU.ActiveCfg = Debug|x64
		{03AFFBF6-E11C-4D51-AFA5-659AA5B2B828}.Debug|Mixed Platforms.ActiveCfg = Debug|x64
		{03AFFBF6-E11C-4D51-AFA5-659AA5B2B828}.Debug|Mixed Platforms.Build.0 = Debug|x64
		{03AFFBF6-E11C-4D51-AFA5-659AA5B2B828}.Debug|Win32.ActiveCfg = Debug|x64
		{03AFFBF6-E11C-4D51-AFA5-659AA5B2B828}.Debug|x64.ActiveCfg = Debug|x64
		{03AFFBF6-E11C-4D51-AFA5-659AA5B2B828}.Debug|x64.Build.0 = Debug|x64
		{03AFFBF6-E11C-4D51-AFA5-659AA5B2B828}.Release|Any CPU.ActiveCfg = Release|x64
		{03AFFBF6-E11C-4D51-AFA5-659AA5B2B828}.Release|Mixed Platforms.ActiveCfg = Release|x64
		{03AFFBF6-E11C-4D51-AFA5-659AA5B2B828}.Release|Mixed Platforms.Build.0 = Release|x64
		{03AFFBF6-E11C-4D51-AFA5-659AA5B2B828}.Release|Win32.ActiveCfg = Release|x64
		{03AFFBF6-E11C-4D51-AFA5-659AA5B2B828}.Release|x64.ActiveCfg = Release|x64
		{03AFFBF6-E11C-4D51-AFA5-659AA5B2B828}.Release|x64.Build.0 = Release|x64
		{1ABC2F87-7756-44CA-847C-E244EF463FA9}.Debug|Any CPU.ActiveCfg = Debug|x64
		{1ABC2F87-7756-44CA-847C-E244EF463FA9}.Debug|Mixed Platforms.ActiveCfg = Debug|x64
		{1ABC2F87-7756-44CA-847C-E244EF463FA9}.Debug|Mixed Platforms.Build.0 = Debug|x64
		{1ABC2F87-7756-44CA-847C-E244EF463FA9}.Debug|Win32.ActiveCfg = Debug|x64
		{1ABC2F87-7756-44CA-847C-E244EF463FA9}.Debug|x64.ActiveCfg = Debug|x64
		{1ABC2F87-7756-44CA-847C-E244EF463FA9}.Debug|x64.Build.0 = Debug|x64
		{1ABC2F87-7756-44CA-847C-E244EF463FA9}.Release|Any CPU.ActiveCfg = Release|x64
		{1ABC2F87-7756-44CA-847C-E244EF463FA9}.Release|Mixed Platforms.ActiveCfg = Release|x64
		{1ABC2F87-7756-44CA-847C-E244EF463FA9}.Release|Mixed Platforms.Build.0 = Release|x64
		{1ABC2F87-7756-44CA-847C-E244EF463FA9}.Release|Win32.ActiveCfg = Release|x64
		{1ABC2F87-7756-44CA-847C-E244EF463FA9}.Release|x64.ActiveCfg = Release|x64
		{1ABC2F87-7756-44CA-847C-E244EF463FA9}.Release|x64.Build.0 = Release|x64
		{0D063FBF-5FAE-4B62-ACC5-BCCE9D944432}.Debug|Any CPU.ActiveCfg = Debug|x64
		{0D063FBF-5FAE-4B62-ACC5-BCCE9D944432}.Debug|Mixed Platforms.ActiveCfg = Debug|x64
		{0D063FBF-5FAE-4B62-ACC5-BCCE9D944432}.Debug|Mixed Platforms.Build.0 = Debug|x64
		{0D063FBF-5FAE-4B62-ACC5-BCCE9D944432}.Debug|Win32.ActiveCfg = Debug|x64
		{0D063FBF-5FAE-4B62-ACC5-BCCE9D944432}.Debug|x64.ActiveCfg = Debug|x64
		{0D063FBF-5FAE-4B62-ACC5-BCCE9D944432}.Debug|x64.Build.0 = Debug|x64
		{0D063FBF-5FAE-4B62-ACC5-BCCE9D944432}.Release|Any CPU.ActiveCfg = Release|x64
		{0D063FBF-5FAE-4B62-ACC5-BCCE9D944432}.Release|Mixed Platforms.ActiveCfg = Release|x64
		{0D063FBF-5FAE-4B62-ACC5-BCCE9D944432}.Release|Mixed Platforms.Build.0 = Release|x64
		{0D063FBF-5FAE-4B62-ACC5-BCCE9D944432}.Release|Win32.ActiveCfg = Release|x64
		{0D063FBF-5FAE-4B62-ACC5-BCCE9D944432}.Release|x64.ActiveCfg = Release|x64
		{0D063FBF-5FAE-4B62-ACC5-BCCE9D944432}.Release|x64.Build.0 = Release|x64
		{963ABC6F-F1DF-4408-8E6C-4E6631ADC873}.Debug|Any CPU.ActiveCfg = Debug|x64
		{963ABC6F-F1DF-4408-8E6C-4E6631ADC873}.Debug|Mixed Platforms.ActiveCfg = Debug|x64
		{963ABC6F-F1DF-4408-8E6C-4E6631ADC873}.Debug|Mixed Platforms.Build.0 = Debug|x64
		{963ABC6F-F1DF-4408-8E6C-4E6631ADC873}.Debug|Win32.ActiveCfg = Debug|x64
		{963ABC6F-F1DF-4408-8E6C-4E6631ADC873}.Debug|x64.ActiveCfg = Debug|x64
		{963ABC6F-F1DF-4408-8E6C-4E6631ADC873}.Debug|x64.Build.0 = Debug|x64
		{963ABC6F-F1DF-4408-8E6C-4E6631ADC873}.Release|Any CPU.ActiveCfg = Release|x64
		{963ABC6F-F1DF-4408-8E6C-4E6631ADC873}.Release|Mixed Platforms.ActiveCfg = Release|x64
		{963ABC6F-F1DF-4408-8E6C-4E6631ADC873}.Release|Mixed Platforms.Build.0 = Release|x64
		{963ABC6F-F1DF-4408-8E6C-4E6631ADC873}.Release|Win32.ActiveCfg = Release|x64
		{963ABC6F-F1DF-4408-8E6C-4E6631ADC873}.Release|x64.ActiveCfg = Release|x64
		{963ABC6F-F1DF-4408-8E6C-4E6631ADC873}.Release|x64.Build.0 = Release|x64
		{A7482985-0076-4AC6-9C72-852F4A83B02E}.Debug|Any CPU.ActiveCfg = Debug|x64
		{A7482985-0076-4AC6-9C72-852F4A83B02E}.Debug|Mixed Platforms.ActiveCfg = Debug|x64
		{A7482985-0076-4AC6-9C72-852F4A83B02E}.Debug|Mixed Platforms.Build.0 = Debug|x64
		{A7482985-0076-4AC6-9C72-852F4A83B02E}.Debug|Win32.ActiveCfg = Debug|x64
		{A7482985-0076-4AC6-9C72-852F4A83B02E}.Debug|x64.ActiveCfg = Debug|x64
		{A7482985-0076-4AC6-9C72-852F4A83B02E}.Debug|x64.Build.0 = Debug|x64
		{A7482985-0076-4AC6-9C72-852F4A83B02E}.Release|Any CPU.ActiveCfg = Release|x64
		{A7482985-0076-4AC6-9C72-852F4A83B02E}.Release|Mixed Platforms.ActiveCfg = Release|x64
		{A7482985-0076-4AC6-9C72-852F4A83B02E}.Release|Mixed Platforms.Build.0 = Release|x64
		{A7482985-0076-4AC6-9C72-852F4A83B02E}.Release|Win32.ActiveCfg = Release|x64
		{A7482985-0076-4AC6-9C72-852F4A83B02E}.Release|x64.ActiveCfg = Release|x64
		{A7482985-0076-4AC6-9C72-852F4A83B02E}.Release|x64.Build.0 = Release|x64
		{AE2AC4C3-5E08-4D5D-B358-890940794894}.Debug|Any CPU.ActiveCfg = Debug|x64
		{AE2AC4C3-5E08-4D5D-B358-890940794894}.Debug|Mixed Platforms.ActiveCfg = Debug|x64
		{AE2AC4C3-5E08-4D5D-B358-890940794894}.Debug|Mixed Platforms.Build.0 = Debug|x64
		{AE2AC4C3-5E08-4D5D-B358-890940794894}.Debug|Win32.ActiveCfg = Debug|x64
		{AE2AC4C3-5E08-4D5D-B358-890940794894}.Debug|x64.ActiveCfg = Debug|x64
		{AE2AC4C3-5E08-4D5D-B358-890940794894}.Debug|x64.Build.0 = Debug|x64
		{AE2AC4C3-5E08-4D5D-B358-890940794894}.Release|Any CPU.ActiveCfg = Release|x64
		{AE2AC4C3-5E08-4D5D-B358-890940794894}.Release|Mixed Platforms.ActiveCfg = Release|x64
		{AE2AC4C3-5E08-4D5D-B358-890940794894}.Release|Mixed Platforms.Build.0 = Release|x64
		{AE2AC4C3-5E08-4D5D-B358-890940794894}.Release|Win32.ActiveCfg = Release|x64
		{AE2AC4C3-5E08-4D5D-B358-890940794894}.Release|x64.ActiveCfg = Release|x64
		{AE2AC4C3-5E08-4D5D-B358-890940794894}.Release|x64.Build.0 = Release|x64
		{A4E8C60B-EEB5-4E65-AB5C-E3A83F84BCED}.Debug|Any CPU.ActiveCfg = Debug|x64
		{A4E8C60B-EEB5-4E65-AB5C-E3A83F84BCED}.Debug|Mixed Platforms.ActiveCfg = Debug|x64
		{A4E8C60B-EEB5-4E65-AB5C-E3A83F84BCED}.Debug|Mixed Platforms.Build.0 = Debug|x64
		{A4E8C60B-EEB5-4E65-AB5C-E3A83F84BCED}.Debug|Win32.ActiveCfg = Debug|x64
		{A4E8C60B-EEB5-4E65-AB5C-E3A83F84BCED}.Debug|x64.ActiveCfg = Debug|x64
		{A4E8C60B-EEB5-4E65-AB5C-E3A83F84BCED}.Debug|x64.Build.0 = Debug|x64
		{A4E8C60B-EEB5-4E65-AB5C-E3A83F84BCED}.Release|Any CPU.ActiveCfg = Release|x64
		{A4E8C60B-EEB5-4E65-AB5C-E3A83F84BCED}.Release|Mixed Platforms.ActiveCfg = Release|x64
		{A4E8C60B-EEB5-4E65-AB5C-E3A83F84BCED}.Release|Mixed Platforms.Build.0 = Release|x64
		{A4E8C60B-EEB5-4E65-AB5C-E3A83F84BCED}.Release|Win32.ActiveCfg = Release|x64
		{A4E8C60B-EEB5-4E65-AB5C-E3A83F84BCED}.Release|x64.ActiveCfg = Release|x64
		{A4E8C60B-EEB5-4E65-AB5C-E3A83F84BCED}.Release|x64.Build.0 = Release|x64
		{66005BBD-1D3A-4C64-BDE6-13132EDCFB28}.Debug|Any CPU.ActiveCfg = Debug|x64
		{66005BBD-1D3A-4C64-BDE6-13132EDCFB28}.Debug|Mixed Platforms.ActiveCfg = Debug|x64
		{66005BBD-1D3A-4C64-BDE6-13132EDCFB28}.Debug|Mixed Platforms.Build.0 = Debug|x64
		{66005BBD-1D3A-4C64-BDE6-13132EDCFB28}.Debug|Win32.ActiveCfg = Debug|x64
		{66005BBD-1D3A-4C64-BDE6-13132EDCFB28}.Debug|x64.ActiveCfg = Debug|x64
		{66005BBD-1D3A-4C64-BDE6-13132EDCFB28}.Debug|x64.Build.0 = Debug|x64
		{66005BBD-1D3A-4C64-BDE6-13132EDCFB28}.Release|Any CPU.ActiveCfg = Release|x64
		{66005BBD-1D3A-4C64-BDE6-13132EDCFB28}.Release|Mixed Platforms.ActiveCfg = Release|x64
		{66005BBD-1D3A-4C64-BDE6-13132EDCFB28}.Release|Mixed Platforms.Build.0 = Release|x64
		{66005BBD-1D3A-4C64-BDE6-13132EDCFB28}.Release|Win32.ActiveCfg = Release|x64
		{66005BBD-1D3A-4C64-BDE6-13132EDCFB28}.Release|x64.ActiveCfg = Release|x64
		{66005BBD-1D3A-4C64-BDE6-13132EDCFB28}.Release|x64.Build.0 = Release|x64
		{65EEBC0E-FAAA-42B5-A255-1A00F4C1623C}.Debug|Any CPU.ActiveCfg = Debug|x64
		{65EEBC0E-FAAA-42B5-A255-1A00F4C1623C}.Debug|Mixed Platforms.ActiveCfg = Debug|x64
		{65EEBC0E-FAAA-42B5-A255-1A00F4C1623C}.Debug|Mixed Platforms.Build.0 = Debug|x64
		{65EEBC0E-FAAA-42B5-A255-1A00F4C1623C}.Debug|Win32.ActiveCfg = Debug|x64
		{65EEBC0E-FAAA-42B5-A255-1A00F4C1623C}.Debug|x64.ActiveCfg = Debug|x64
		{65EEBC0E-FAAA-42B5-A255-1A00F4C1623C}.Debug|x64.Build.0 = Debug|x64
		{65EEBC0E-FAAA-42B5-A255-1A00F4C1623C}.Release|Any CPU.ActiveCfg = Release|x64
		{65EEBC0E-FAAA-42B5-A255-1A00F4C1623C}.Release|Mixed Platforms.ActiveCfg = Release|x64
		{65EEBC0E-FAAA-42B5-A255-1A00F4C1623C}.Release|Mixed Platforms.Build.0 = Release|x64
		{65EEBC0E-FAAA-42B5-A255-1A00F4C1623C}.Release|Win32.ActiveCfg = Release|x64
		{65EEBC0E-FAAA-42B5-A255-1A00F4C1623C}.Release|x64.ActiveCfg = Release|x64
		{65EEBC0E-FAAA-42B5-A255-1A00F4C1623C}.Release|x64.Build.0 = Release|x64
		{18E80753-A7B4-495B-BE62-25413BAFE68D}.Debug|Any CPU.ActiveCfg = Debug|x64
		{18E80753-A7B4-495B-BE62-25413BAFE68D}.Debug|Mixed Platforms.ActiveCfg = Debug|x64
		{18E80753-A7B4-495B-BE62-25413BAFE68D}.Debug|Mixed Platforms.Build.0 = Debug|x64
		{18E80753-A7B4-495B-BE62-25413BAFE68D}.Debug|Win32.ActiveCfg = Debug|x64
		{18E80753-A7B4-495B-BE62-25413BAFE68D}.Debug|x64.ActiveCfg = Debug|x64
		{18E80753-A7B4-495B-BE62-25413BAFE68D}.Debug|x64.Build.0 = Debug|x64
		{18E80753-A7B4-495B-BE62-25413BAFE68D}.Release|Any CPU.ActiveCfg = Release|x64
		{18E80753-A7B4-495B-BE62-25413BAFE68D}.Release|Mixed Platforms.ActiveCfg = Release|x64
		{18E80753-A7B4-495B-BE62-25413BAFE68D}.Release|Mixed Platforms.Build.0 = Release|x64
		{18E80753-A7B4-495B-BE62-25413BAFE68D}.Release|Win32.ActiveCfg = Release|x64
		{18E80753-A7B4-495B-BE62-25413BAFE68D}.Release|x64.ActiveCfg = Release|x64
		{18E80753-A7B4-495B-BE62-25413BAFE68D}.Release|x64.Build.0 = Release|x64
		{E821E236-1A3C-4D49-88D0-F871BACDB3AC}.Debug|Any CPU.ActiveCfg = Debug|x64
		{E821E236-1A3C-4D49-88D0-F871BACDB3AC}.Debug|Mixed Platforms.ActiveCfg = Debug|x64
		{E821E236-1A3C-4D49-88D0-F871BACDB3AC}.Debug|Mixed Platforms.Build.0 = Debug|x64
		{E821E236-1A3C-4D49-88D0-F871BACDB3AC}.Debug|Win32.ActiveCfg = Debug|x64
		{E821E236-1A3C-4D49-88D0-F871BACDB3AC}.Debug|x64.ActiveCfg = Debug|x64
		{E821E236-1A3C-4D49-88D0-F871BACDB3AC}.Debug|x64.Build.0 = Debug|x64
		{E821E236-1A3C-4D49-88D0-F871BACDB3AC}.Release|Any CPU.ActiveCfg = Release|x64
		{E821E236-1A3C-4D49-88D0-F871BACDB3AC}.Release|Mixed Platforms.ActiveCfg = Release|x64
		{E821E236-1A3C-4D49-88D0-F871BACDB3AC}.Release|Mixed Platforms.Build.0 = Release|x64
		{E821E236-1A3C-4D49-88D0-F871BACDB3AC}.Release|Win32.ActiveCfg = Release|x64
		{E821E236-1A3C-4D49-88D0-F871BACDB3AC}.Release|x64.ActiveCfg = Release|x64
		{E821E236-1A3C-4D49-88D0-F871BACDB3AC}.Release|x64.Build.0 = Release|x64
		{A28FFF25-BDC0-4BDC-A29A-BF774BA80AA4}.Debug|Any CPU.ActiveCfg = Debug|x64
		{A28FFF25-BDC0-4BDC-A29A-BF774BA80AA4}.Debug|Mixed Platforms.ActiveCfg = Debug|x64
		{A28FFF25-BDC0-4BDC-A29A-BF774BA80AA4}.Debug|Mixed Platforms.Build.0 = Debug|x64
		{A28FFF25-BDC0-4BDC-A29A-BF774BA80AA4}.Debug|Win32.ActiveCfg = Debug|x64
		{A28FFF25-BDC0-4BDC-A29A-BF774BA80AA4}.Debug|x64.ActiveCfg = Debug|x64
		{A28FFF25-BDC0-4BDC-A29A-BF774BA80AA4}.Debug|x64.Build.0 = Debug|x64
		{A28FFF25-BDC0-4BDC-A29A-BF774BA80AA4}.Release|Any CPU.ActiveCfg = Release|x64
		{A28FFF25-BDC0-4BDC-A29A-BF774BA80AA4}.Release|Mixed Platforms.ActiveCfg = Release|x64
		{A28FFF25-BDC0-4BDC-A29A-BF774BA80AA4}.Release|Mixed Platforms.Build.0 = Release|x64
		{A28FFF25-BDC0-4BDC-A29A-BF774BA80AA4}.Release|Win32.ActiveCfg = Release|x64
		{A28FFF25-BDC0-4BDC-A29A-BF774BA80AA4}.Release|x64.ActiveCfg = Release|x64
		{A28FFF25-BDC0-4BDC-A29A-BF774BA80AA4}.Release|x64.Build.0 = Release|x64
		{6847908B-0978-4CB4-9998-8BB16BACA628}.Debug|Any CPU.ActiveCfg = Debug|x64
		{6847908B-0978-4CB4-9998-8BB16BACA628}.Debug|Mixed Platforms.ActiveCfg = Debug|x64
		{6847908B-0978-4CB4-9998-8BB16BACA628}.Debug|Mixed Platforms.Build.0 = Debug|x64
		{6847908B-0978-4CB4-9998-8BB16BACA628}.Debug|Win32.ActiveCfg = Debug|x64
		{6847908B-0978-4CB4-9998-8BB16BACA628}.Debug|x64.ActiveCfg = Debug|x64
		{6847908B-0978-4CB4-9998-8BB16BACA628}.Debug|x64.Build.0 = Debug|x64
		{6847908B-0978-4CB4-9998-8BB16BACA628}.Release|Any CPU.ActiveCfg = Release|x64
		{6847908B-0978-4CB4-9998-8BB16BACA628}.Release|Mixed Platforms.ActiveCfg = Release|x64
		{6847908B-0978-4CB4-9998-8BB16BACA628}.Release|Mixed Platforms.Build.0 = Release|x64
		{6847908B-0978-4CB4-9998-8BB16BACA628}.Release|Win32.ActiveCfg = Release|x64
		{6847908B-0978-4CB4-9998-8BB16BACA628}.Release|x64.ActiveCfg = Release|x64
		{6847908B-0978-4CB4-9998-8BB16BACA628}.Release|x64.Build.0 = Release|x64
		{9C2B3ECD-DAAE-4EC2-A557-369B04B4036C}.Debug|Any CPU.ActiveCfg = Debug|x64
		{9C2B3ECD-DAAE-4EC2-A557-369B04B4036C}.Debug|Mixed Platforms.ActiveCfg = Debug|x64
		{9C2B3ECD-DAAE-4EC2-A557-369B04B4036C}.Debug|Mixed Platforms.Build.0 = Debug|x64
		{9C2B3ECD-DAAE-4EC2-A557-369B04B4036C}.Debug|Win32.ActiveCfg = Debug|x64
		{9C2B3ECD-DAAE-4EC2-A557-369B04B4036C}.Debug|x64.ActiveCfg = Debug|x64
		{9C2B3ECD-DAAE-4EC2-A557-369B04B4036C}.Debug|x64.Build.0 = Debug|x64
		{9C2B3ECD-DAAE-4EC2-A557-369B04B4036C}.Release|Any CPU.ActiveCfg = Release|x64
		{9C2B3ECD-DAAE-4EC2-A557-369B04B4036C}.Release|Mixed Platforms.ActiveCfg = Release|x64
		{9C2B3ECD-DAAE-4EC2-A557-369B04B4036C}.Release|Mixed Platforms.Build.0 = Release|x64
		{9C2B3ECD-DAAE-4EC2-A557-369B04B4036C}.Release|Win32.ActiveCfg = Release|x64
		{9C2B3ECD-DAAE-4EC2-A557-369B04B4036C}.Release|x64.ActiveCfg = Release|x64
		{9C2B3ECD-DAAE-4EC2-A557-369B04B4036C}.Release|x64.Build.0 = Release|x64
		{346B7DA4-0E26-46DC-8334-255AF254823F}.Debug|Any CPU.ActiveCfg = Debug|x64
		{346B7DA4-0E26-46DC-8334-255AF254823F}.Debug|Mixed Platforms.ActiveCfg = Debug|x64
		{346B7DA4-0E26-46DC-8334-255AF254823F}.Debug|Mixed Platforms.Build.0 = Debug|x64
		{346B7DA4-0E26-46DC-8334-255AF254823F}.Debug|Win32.ActiveCfg = Debug|x64
		{346B7DA4-0E26-46DC-8334-255AF254823F}.Debug|x64.ActiveCfg = Debug|x64
		{346B7DA4-0E26-46DC-8334-255AF254823F}.Debug|x64.Build.0 = Debug|x64
		{346B7DA4-0E26-46DC-8334-255AF254823F}.Release|Any CPU.ActiveCfg = Release|x64
		{346B7DA4-0E26-46DC-8334-255AF254823F}.Release|Mixed Platforms.ActiveCfg = Release|x64
		{346B7DA4-0E26-46DC-8334-255AF254823F}.Release|Mixed Platforms.Build.0 = Release|x64
		{346B7DA4-0E26-46DC-8334-255AF254823F}.Release|Win32.ActiveCfg = Release|x64
		{346B7DA4-0E26-46DC-8334-255AF254823F}.Release|x64.ActiveCfg = Release|x64
		{346B7DA4-0E26-46DC-8334-255AF254823F}.Release|x64.Build.0 = Release|x64
		{A68BD032-F86B-49B6-B7ED-7300DB353705}.Debug|Any CPU.ActiveCfg = Debug|x64
		{A68BD032-F86B-49B6-B7ED-7300DB353705}.Debug|Mixed Platforms.ActiveCfg = Debug|x64
		{A68BD032-F86B-49B6-B7ED-7300DB353705}.Debug|Mixed Platforms.Build.0 = Debug|x64
		{A68BD032-F86B-49B6-B7ED-7300DB353705}.Debug|Win32.ActiveCfg = Debug|x64
		{A68BD032-F86B-49B6-B7ED-7300DB353705}.Debug|x64.ActiveCfg = Debug|x64
		{A68BD032-F86B-49B6-B7ED-7300DB353705}.Debug|x64.Build.0 = Debug|x64
		{A68BD032-F86B-49B6-B7ED-7300DB353705}.Release|Any CPU.ActiveCfg = Release|x64
		{A68BD032-F86B-49B6-B7ED-7300DB353705}.Release|Mixed Platforms.ActiveCfg = Release|x64
		{A68BD032-F86B-49B6-B7ED-7300DB353705}.Release|Mixed Platforms.Build.0 = Release|x64
		{A68BD032-F86B-49B6-B7ED-7300DB353705}.Release|Win32.ActiveCfg = Release|x64
		{A68BD032-F86B-49B6-B7ED-7300DB353705}.Release|x64.ActiveCfg = Release|x64
		{A68BD032-F86B-49B6-B7ED-7300DB353705}.Release|x64.Build.0 = Release|x64
		{C588134A-466C-4453-89AB-7DD7CEC58F06}.Debug|Any CPU.ActiveCfg = Debug|x64
		{C588134A-466C-4453-89AB-7DD7CEC58F06}.Debug|Mixed Platforms.ActiveCfg = Debug|x64
		{C588134A-466C-4453-89AB-7DD7CEC58F06}.Debug|Mixed Platforms.Build.0 = Debug|x64
		{C588134A-466C-4453-89AB-7DD7CEC58F06}.Debug|Win32.ActiveCfg = Debug|x64
		{C588134A-466C-4453-89AB-7DD7CEC58F06}.Debug|x64.ActiveCfg = Debug|x64
		{C588134A-466C-4453-89AB-7DD7CEC58F06}.Debug|x64.Build.0 = Debug|x64
		{C588134A-466C-4453-89AB-7DD7CEC58F06}.Release|Any CPU.ActiveCfg = Release|x64
		{C588134A-466C-4453-89AB-7DD7CEC58F06}.Release|Mixed Platforms.ActiveCfg = Release|x64
		{C588134A-466C-4453-89AB-7DD7CEC58F06}.Release|Mixed Platforms.Build.0 = Release|x64
		{C588134A-466C-4453-89AB-7DD7CEC58F06}.Release|Win32.ActiveCfg = Release|x64
		{C588134A-466C-4453-89AB-7DD7CEC58F06}.Release|x64.ActiveCfg = Release|x64
		{C588134A-466C-4453-89AB-7DD7CEC58F06}.Release|x64.Build.0 = Release|x64
		{45959765-A1FA-4277-BC68-024CAD648546}.Debug|Any CPU.ActiveCfg = Debug|x64
		{45959765-A1FA-4277-BC68-024CAD648546}.Debug|Mixed Platforms.ActiveCfg = Debug|x64
		{45959765-A1FA-4277-BC68-024CAD648546}.Debug|Mixed Platforms.Build.0 = Debug|x64
		{45959765-A1FA-4277-BC68-024CAD648546}.Debug|Win32.ActiveCfg = Debug|x64
		{45959765-A1FA-4277-BC68-024CAD648546}.Debug|x64.ActiveCfg = Debug|x64
		{45959765-A1FA-4277-BC68-024CAD648546}.Debug|x64.Build.0 = Debug|x64
		{45959765-A1FA-4277-BC68-024CAD648546}.Release|Any CPU.ActiveCfg = Release|x64
		{45959765-A1FA-4277-BC68-024CAD648546}.Release|Mixed Platforms.ActiveCfg = Release|x64
		{45959765-A1FA-4277-BC68-024CAD648546}.Release|Mixed Platforms.Build.0 = Release|x64
		{45959765-A1FA-4277-BC68-024CAD648546}.Release|Win32.ActiveCfg = Release|x64
		{45959765-A1FA-4277-BC68-024CAD648546}.Release|x64.ActiveCfg = Release|x64
		{45959765-A1FA-4277-BC68-024CAD648546}.Release|x64.Build.0 = Release|x64
	EndGlobalSection
	GlobalSection(SolutionProperties) = preSolution
		HideSolutionNode = FALSE
	EndGlobalSection
	GlobalSection(NestedProjects) = preSolution
		{83F16175-43B1-4C90-A1EE-8E351C33435D} = {A6A6AF7D-D6E3-442D-9B1E-58CC91879BE1}
		{8E6D5255-776D-4B61-85F9-73C37AA1FB9A} = {A6A6AF7D-D6E3-442D-9B1E-58CC91879BE1}
		{B4A6B9FA-A35B-4ADB-AC15-6CCA66225921} = {7F42119E-150F-40FE-9F95-ED85E69436F3}
		{A4A41389-EEFE-4482-9CF3-18CB6616CD06} = {CD1A26D9-5439-439C-9569-D3F3FBC3ABCA}
		{EA8C1F76-66DA-4AAD-ADE8-3AB016672FF5} = {CD1A26D9-5439-439C-9569-D3F3FBC3ABCA}
		{7F42119E-150F-40FE-9F95-ED85E69436F3} = {C6C1E205-1B38-4ED3-B914-A6182FB23EFE}
		{CD1A26D9-5439-439C-9569-D3F3FBC3ABCA} = {C6C1E205-1B38-4ED3-B914-A6182FB23EFE}
		{29223FD9-2C2B-4C76-83A9-42A71F0F16D9} = {C6C1E205-1B38-4ED3-B914-A6182FB23EFE}
		{159BB552-8346-4313-8E10-43B88BECA63B} = {29223FD9-2C2B-4C76-83A9-42A71F0F16D9}
		{A25B8C43-4B05-49B7-BBA1-8224A31D07BE} = {29223FD9-2C2B-4C76-83A9-42A71F0F16D9}
		{5339A286-EFA8-4EAC-A0CD-A1DF165D5715} = {29223FD9-2C2B-4C76-83A9-42A71F0F16D9}
		{B6B1E5E2-9BE5-4542-92C5-E85DE984C7D6} = {C6C1E205-1B38-4ED3-B914-A6182FB23EFE}
		{F56A713F-C23C-4FE1-8E95-2371C6891564} = {C6C1E205-1B38-4ED3-B914-A6182FB23EFE}
		{B75D57DB-372F-4685-9C4A-EEB8314CC58E} = {C6C1E205-1B38-4ED3-B914-A6182FB23EFE}
		{CE5F96E9-6866-4F50-9063-6AA4C41E346C} = {B75D57DB-372F-4685-9C4A-EEB8314CC58E}
		{BDE28170-C0E2-49FA-A9BE-ACE72311587E} = {F56A713F-C23C-4FE1-8E95-2371C6891564}
		{1459B2A2-7767-4681-96B1-EFCC6064BC71} = {F56A713F-C23C-4FE1-8E95-2371C6891564}
		{30597BE9-08F8-4832-8AB7-009C00A6A2F2} = {F56A713F-C23C-4FE1-8E95-2371C6891564}
		{1C5393DA-9E27-4D10-A0DE-DFB999A4EEDB} = {F56A713F-C23C-4FE1-8E95-2371C6891564}
		{1322635A-AD52-4870-92E6-007B62BE2BD3} = {F56A713F-C23C-4FE1-8E95-2371C6891564}
		{10DAABEE-65A1-485E-8209-EF54AD0F7F96} = {9AC1211D-ED52-415B-ABD1-B28390DB0BCC}
		{04B24E0B-C5FF-4E11-AADE-8285591811C5} = {9AC1211D-ED52-415B-ABD1-B28390DB0BCC}
		{C0E69035-3D1B-477C-9BF3-C2B511A53D08} = {9AC1211D-ED52-415B-ABD1-B28390DB0BCC}
		{03AFFBF6-E11C-4D51-AFA5-659AA5B2B828} = {9AC1211D-ED52-415B-ABD1-B28390DB0BCC}
		{1ABC2F87-7756-44CA-847C-E244EF463FA9} = {9AC1211D-ED52-415B-ABD1-B28390DB0BCC}
		{0D063FBF-5FAE-4B62-ACC5-BCCE9D944432} = {9AC1211D-ED52-415B-ABD1-B28390DB0BCC}
		{0DD9305B-6DB2-432B-B4AD-DE49B4316DAC} = {ED8079DD-2B06-4030-9F0F-DC548F98E1C4}
		{963ABC6F-F1DF-4408-8E6C-4E6631ADC873} = {0DD9305B-6DB2-432B-B4AD-DE49B4316DAC}
		{D3526DF0-0BF0-44C2-9A7C-B9DFF6992541} = {ED8079DD-2B06-4030-9F0F-DC548F98E1C4}
		{A7482985-0076-4AC6-9C72-852F4A83B02E} = {D3526DF0-0BF0-44C2-9A7C-B9DFF6992541}
		{AE2AC4C3-5E08-4D5D-B358-890940794894} = {B6B1E5E2-9BE5-4542-92C5-E85DE984C7D6}
		{A4E8C60B-EEB5-4E65-AB5C-E3A83F84BCED} = {9AC1211D-ED52-415B-ABD1-B28390DB0BCC}
		{66005BBD-1D3A-4C64-BDE6-13132EDCFB28} = {B6B1E5E2-9BE5-4542-92C5-E85DE984C7D6}
		{65EEBC0E-FAAA-42B5-A255-1A00F4C1623C} = {B6B1E5E2-9BE5-4542-92C5-E85DE984C7D6}
		{18E80753-A7B4-495B-BE62-25413BAFE68D} = {9AC1211D-ED52-415B-ABD1-B28390DB0BCC}
		{9338CC09-23F0-402C-A87C-BBB70C2CBC4B} = {ED8079DD-2B06-4030-9F0F-DC548F98E1C4}
		{E821E236-1A3C-4D49-88D0-F871BACDB3AC} = {9338CC09-23F0-402C-A87C-BBB70C2CBC4B}
		{B018B59D-85F0-419B-88B2-680E4126D5FD} = {9AC1211D-ED52-415B-ABD1-B28390DB0BCC}
		{A28FFF25-BDC0-4BDC-A29A-BF774BA80AA4} = {B018B59D-85F0-419B-88B2-680E4126D5FD}
		{6847908B-0978-4CB4-9998-8BB16BACA628} = {ED8079DD-2B06-4030-9F0F-DC548F98E1C4}
		{9C2B3ECD-DAAE-4EC2-A557-369B04B4036C} = {ED8079DD-2B06-4030-9F0F-DC548F98E1C4}
		{346B7DA4-0E26-46DC-8334-255AF254823F} = {B018B59D-85F0-419B-88B2-680E4126D5FD}
		{A68BD032-F86B-49B6-B7ED-7300DB353705} = {B018B59D-85F0-419B-88B2-680E4126D5FD}
		{C588134A-466C-4453-89AB-7DD7CEC58F06} = {B6B1E5E2-9BE5-4542-92C5-E85DE984C7D6}
		{45959765-A1FA-4277-BC68-024CAD648546} = {B6B1E5E2-9BE5-4542-92C5-E85DE984C7D6}
	EndGlobalSection
EndGlobal
