Microsoft Visual Studio Solution File, Format Version 12.00
# Visual Studio 2012
Project("{F2A71F9B-5D33-465A-A702-920D77279786}") = "CoreLib", "..\CoreLib\CoreLib.fsproj", "{B4A6B9FA-A35B-4ADB-AC15-6CCA66225921}"
EndProject
Project("{F2A71F9B-5D33-465A-A702-920D77279786}") = "Client", "..\Client\Client\Client.fsproj", "{A4A41389-EEFE-4482-9CF3-18CB6616CD06}"
EndProject
Project("{F2A71F9B-5D33-465A-A702-920D77279786}") = "ClientExt", "..\Client\ClientExt\ClientExt.fsproj", "{EA8C1F76-66DA-4AAD-ADE8-3AB016672FF5}"
EndProject
Project("{F2A71F9B-5D33-465A-A702-920D77279786}") = "ULib", "..\ULib\ULib.fsproj", "{CE5F96E9-6866-4F50-9063-6AA4C41E346C}"
EndProject
Project("{F2A71F9B-5D33-465A-A702-920D77279786}") = "Tools", "..\Tools\Tools\Tools.fsproj", "{159BB552-8346-4313-8E10-43B88BECA63B}"
EndProject
Global
	GlobalSection(SolutionConfigurationPlatforms) = preSolution
		Debug|Any CPU = Debug|Any CPU
		Debug|x64 = Debug|x64
		Release|Any CPU = Release|Any CPU
		Release|x64 = Release|x64
	EndGlobalSection
	GlobalSection(ProjectConfigurationPlatforms) = postSolution
		{B4A6B9FA-A35B-4ADB-AC15-6CCA66225921}.Debug|Any CPU.ActiveCfg = Debug|Any CPU
		{B4A6B9FA-A35B-4ADB-AC15-6CCA66225921}.Debug|Any CPU.Build.0 = Debug|Any CPU
		{B4A6B9FA-A35B-4ADB-AC15-6CCA66225921}.Debug|x64.ActiveCfg = Debug|x64
		{B4A6B9FA-A35B-4ADB-AC15-6CCA66225921}.Debug|x64.Build.0 = Debug|x64
		{B4A6B9FA-A35B-4ADB-AC15-6CCA66225921}.Release|Any CPU.ActiveCfg = Release|Any CPU
		{B4A6B9FA-A35B-4ADB-AC15-6CCA66225921}.Release|Any CPU.Build.0 = Release|Any CPU
		{B4A6B9FA-A35B-4ADB-AC15-6CCA66225921}.Release|x64.ActiveCfg = Release|x64
		{B4A6B9FA-A35B-4ADB-AC15-6CCA66225921}.Release|x64.Build.0 = Release|x64
		{A4A41389-EEFE-4482-9CF3-18CB6616CD06}.Debug|Any CPU.ActiveCfg = Debug|Any CPU
		{A4A41389-EEFE-4482-9CF3-18CB6616CD06}.Debug|Any CPU.Build.0 = Debug|Any CPU
		{A4A41389-EEFE-4482-9CF3-18CB6616CD06}.Debug|x64.ActiveCfg = Debug|x64
		{A4A41389-EEFE-4482-9CF3-18CB6616CD06}.Debug|x64.Build.0 = Debug|x64
		{A4A41389-EEFE-4482-9CF3-18CB6616CD06}.Release|Any CPU.ActiveCfg = Release|Any CPU
		{A4A41389-EEFE-4482-9CF3-18CB6616CD06}.Release|Any CPU.Build.0 = Release|Any CPU
		{A4A41389-EEFE-4482-9CF3-18CB6616CD06}.Release|x64.ActiveCfg = Release|x64
		{A4A41389-EEFE-4482-9CF3-18CB6616CD06}.Release|x64.Build.0 = Release|x64
		{EA8C1F76-66DA-4AAD-ADE8-3AB016672FF5}.Debug|Any CPU.ActiveCfg = Debug|Any CPU
		{EA8C1F76-66DA-4AAD-ADE8-3AB016672FF5}.Debug|Any CPU.Build.0 = Debug|Any CPU
		{EA8C1F76-66DA-4AAD-ADE8-3AB016672FF5}.Debug|x64.ActiveCfg = Debug|x64
		{EA8C1F76-66DA-4AAD-ADE8-3AB016672FF5}.Debug|x64.Build.0 = Debug|x64
		{EA8C1F76-66DA-4AAD-ADE8-3AB016672FF5}.Release|Any CPU.ActiveCfg = Release|Any CPU
		{EA8C1F76-66DA-4AAD-ADE8-3AB016672FF5}.Release|Any CPU.Build.0 = Release|Any CPU
		{EA8C1F76-66DA-4AAD-ADE8-3AB016672FF5}.Release|x64.ActiveCfg = Release|x64
		{EA8C1F76-66DA-4AAD-ADE8-3AB016672FF5}.Release|x64.Build.0 = Release|x64
		{CE5F96E9-6866-4F50-9063-6AA4C41E346C}.Debug|Any CPU.ActiveCfg = Debug|Any CPU
		{CE5F96E9-6866-4F50-9063-6AA4C41E346C}.Debug|Any CPU.Build.0 = Debug|Any CPU
		{CE5F96E9-6866-4F50-9063-6AA4C41E346C}.Debug|x64.ActiveCfg = Debug|x64
		{CE5F96E9-6866-4F50-9063-6AA4C41E346C}.Debug|x64.Build.0 = Debug|x64
		{CE5F96E9-6866-4F50-9063-6AA4C41E346C}.Release|Any CPU.ActiveCfg = Release|Any CPU
		{CE5F96E9-6866-4F50-9063-6AA4C41E346C}.Release|Any CPU.Build.0 = Release|Any CPU
		{CE5F96E9-6866-4F50-9063-6AA4C41E346C}.Release|x64.ActiveCfg = Release|x64
		{CE5F96E9-6866-4F50-9063-6AA4C41E346C}.Release|x64.Build.0 = Release|x64
		{159BB552-8346-4313-8E10-43B88BECA63B}.Debug|Any CPU.ActiveCfg = Debug|Any CPU
		{159BB552-8346-4313-8E10-43B88BECA63B}.Debug|Any CPU.Build.0 = Debug|Any CPU
		{159BB552-8346-4313-8E10-43B88BECA63B}.Debug|x64.ActiveCfg = Debug|x64
		{159BB552-8346-4313-8E10-43B88BECA63B}.Debug|x64.Build.0 = Debug|x64
		{159BB552-8346-4313-8E10-43B88BECA63B}.Release|Any CPU.ActiveCfg = Release|Any CPU
		{159BB552-8346-4313-8E10-43B88BECA63B}.Release|Any CPU.Build.0 = Release|Any CPU
		{159BB552-8346-4313-8E10-43B88BECA63B}.Release|x64.ActiveCfg = Release|x64
		{159BB552-8346-4313-8E10-43B88BECA63B}.Release|x64.Build.0 = Release|x64
	EndGlobalSection
	GlobalSection(SolutionProperties) = preSolution
		HideSolutionNode = FALSE
	EndGlobalSection
EndGlobal
